
Microsoft Visual Studio Solution File, Format Version 12.00
# Visual Studio Version 17
VisualStudioVersion = 17.1.32228.430
MinimumVisualStudioVersion = 10.0.40219.1
Project("{FAE04EC0-301F-11D3-BF4B-00C04F79EFBC}") = "XO.Website", "XO.Website\XO.Website.csproj", "{CEADC455-DD92-45C0-A1B2-A5B59D7969E4}"
EndProject
Global
	GlobalSection(SolutionConfigurationPlatforms) = preSolution
		Debug|Any CPU = Debug|Any CPU
		Release|Any CPU = Release|Any CPU
	EndGlobalSection
	GlobalSection(ProjectConfigurationPlatforms) = postSolution
		{CEADC455-DD92-45C0-A1B2-A5B59D7969E4}.Debug|Any CPU.ActiveCfg = Debug|Any CPU
		{CEADC455-DD92-45C0-A1B2-A5B59D7969E4}.Debug|Any CPU.Build.0 = Debug|Any CPU
		{CEADC455-DD92-45C0-A1B2-A5B59D7969E4}.Release|Any CPU.ActiveCfg = Release|Any CPU
		{CEADC455-DD92-45C0-A1B2-A5B59D7969E4}.Release|Any CPU.Build.0 = Release|Any CPU
	EndGlobalSection
	GlobalSection(SolutionProperties) = preSolution
		HideSolutionNode = FALSE
	EndGlobalSection
	GlobalSection(ExtensibilityGlobals) = postSolution
		SolutionGuid = {B66B4E9E-B9F2-4CF9-822D-29D7D33CEACF}
	EndGlobalSection
EndGlobal
